
Microsoft Visual Studio Solution File, Format Version 12.00
# Visual Studio Version 16
VisualStudioVersion = 16.0.31702.278
MinimumVisualStudioVersion = 10.0.40219.1
Project("{FAE04EC0-301F-11D3-BF4B-00C04F79EFBC}") = "Teste estagio DTI", "Teste estagio DTI\Teste estagio DTI.csproj", "{1F3AA70C-496A-48AD-B86F-C57FD24D66A8}"
EndProject
Global
	GlobalSection(SolutionConfigurationPlatforms) = preSolution
		Debug|Any CPU = Debug|Any CPU
		Release|Any CPU = Release|Any CPU
	EndGlobalSection
	GlobalSection(ProjectConfigurationPlatforms) = postSolution
		{1F3AA70C-496A-48AD-B86F-C57FD24D66A8}.Debug|Any CPU.ActiveCfg = Debug|Any CPU
		{1F3AA70C-496A-48AD-B86F-C57FD24D66A8}.Debug|Any CPU.Build.0 = Debug|Any CPU
		{1F3AA70C-496A-48AD-B86F-C57FD24D66A8}.Release|Any CPU.ActiveCfg = Release|Any CPU
		{1F3AA70C-496A-48AD-B86F-C57FD24D66A8}.Release|Any CPU.Build.0 = Release|Any CPU
	EndGlobalSection
	GlobalSection(SolutionProperties) = preSolution
		HideSolutionNode = FALSE
	EndGlobalSection
	GlobalSection(ExtensibilityGlobals) = postSolution
		SolutionGuid = {4B2AC28D-0262-4785-A7CA-F924C1ACEE0C}
	EndGlobalSection
EndGlobal
